
Microsoft Visual Studio Solution File, Format Version 12.00
# Visual Studio Version 16
VisualStudioVersion = 16.0.31624.102
MinimumVisualStudioVersion = 10.0.40219.1
Project("{FAE04EC0-301F-11D3-BF4B-00C04F79EFBC}") = "WinFormsApp1", "WinFormsApp1\WinFormsApp1.csproj", "{DDE764C8-83EB-4DB1-ABB4-67A2A70DA9BF}"
EndProject
Global
	GlobalSection(SolutionConfigurationPlatforms) = preSolution
		Debug|Any CPU = Debug|Any CPU
		Release|Any CPU = Release|Any CPU
	EndGlobalSection
	GlobalSection(ProjectConfigurationPlatforms) = postSolution
		{DDE764C8-83EB-4DB1-ABB4-67A2A70DA9BF}.Debug|Any CPU.ActiveCfg = Debug|Any CPU
		{DDE764C8-83EB-4DB1-ABB4-67A2A70DA9BF}.Debug|Any CPU.Build.0 = Debug|Any CPU
		{DDE764C8-83EB-4DB1-ABB4-67A2A70DA9BF}.Release|Any CPU.ActiveCfg = Release|Any CPU
		{DDE764C8-83EB-4DB1-ABB4-67A2A70DA9BF}.Release|Any CPU.Build.0 = Release|Any CPU
	EndGlobalSection
	GlobalSection(SolutionProperties) = preSolution
		HideSolutionNode = FALSE
	EndGlobalSection
	GlobalSection(ExtensibilityGlobals) = postSolution
		SolutionGuid = {F2699A39-3186-483A-9A5A-942A98B0ABBD}
	EndGlobalSection
EndGlobal
